
Microsoft Visual Studio Solution File, Format Version 12.00
# Visual Studio Version 17
VisualStudioVersion = 17.7.34024.191
MinimumVisualStudioVersion = 10.0.40219.1
Project("{FAE04EC0-301F-11D3-BF4B-00C04F79EFBC}") = "Responsi", "Responsi\Responsi.csproj", "{2890996F-512F-4E5C-BBEF-08FA28714972}"
EndProject
Global
	GlobalSection(SolutionConfigurationPlatforms) = preSolution
		Debug|Any CPU = Debug|Any CPU
		Release|Any CPU = Release|Any CPU
	EndGlobalSection
	GlobalSection(ProjectConfigurationPlatforms) = postSolution
		{2890996F-512F-4E5C-BBEF-08FA28714972}.Debug|Any CPU.ActiveCfg = Debug|Any CPU
		{2890996F-512F-4E5C-BBEF-08FA28714972}.Debug|Any CPU.Build.0 = Debug|Any CPU
		{2890996F-512F-4E5C-BBEF-08FA28714972}.Release|Any CPU.ActiveCfg = Release|Any CPU
		{2890996F-512F-4E5C-BBEF-08FA28714972}.Release|Any CPU.Build.0 = Release|Any CPU
	EndGlobalSection
	GlobalSection(SolutionProperties) = preSolution
		HideSolutionNode = FALSE
	EndGlobalSection
	GlobalSection(ExtensibilityGlobals) = postSolution
		SolutionGuid = {1AF81D67-B125-43A9-A9F8-83F02CB49072}
	EndGlobalSection
EndGlobal
